Microsoft Visual Studio Solution File, Format Version 11.00
# Visual Studio 2008

Project("{6B9B690D-097F-8C61-3A47-1E4B0361AA9B}") = "RoboLab", "Assembly-CSharp.csproj", "{18E8A17F-B41C-CC12-7858-7A15939E6E05}"
EndProject
Global
	GlobalSection(SolutionConfigurationPlatforms) = preSolution
		Debug|Any CPU = Debug|Any CPU
		Release|Any CPU = Release|Any CPU
	EndGlobalSection
	GlobalSection(ProjectConfigurationPlatforms) = postSolution
		{18E8A17F-B41C-CC12-7858-7A15939E6E05}.Debug|Any CPU.ActiveCfg = Debug|Any CPU
		{18E8A17F-B41C-CC12-7858-7A15939E6E05}.Debug|Any CPU.Build.0 = Debug|Any CPU
		{18E8A17F-B41C-CC12-7858-7A15939E6E05}.Release|Any CPU.ActiveCfg = Release|Any CPU
		{18E8A17F-B41C-CC12-7858-7A15939E6E05}.Release|Any CPU.Build.0 = Release|Any CPU
	EndGlobalSection
	GlobalSection(SolutionProperties) = preSolution
		HideSolutionNode = FALSE
	EndGlobalSection
	GlobalSection(MonoDevelopProperties) = preSolution
		StartupItem = Assembly-CSharp.csproj
	EndGlobalSection
EndGlobal
